
Microsoft Visual Studio Solution File, Format Version 12.00
# Visual Studio Version 17
VisualStudioVersion = 17.11.35312.102
MinimumVisualStudioVersion = 10.0.40219.1
Project("{2150E333-8FDC-42A3-9474-1A3956D46DE8}") = "Workloads", "Workloads", "{CA9E0016-2D81-41E9-985B-6042B8EBA35D}"
EndProject
Project("{2150E333-8FDC-42A3-9474-1A3956D46DE8}") = "src", "src", "{C64A5469-F12B-43C2-9D85-CA1B9ADD9B7D}"
EndProject
Project("{9A19103F-16F7-4668-BE54-9A1E7A4F7556}") = "BroadcastService", "src\Workloads\BroadcastService\BroadcastService.csproj", "{5FEDAACB-7DDF-4CBF-8779-24429D853328}"
EndProject
Project("{9A19103F-16F7-4668-BE54-9A1E7A4F7556}") = "CounterService", "src\Workloads\CounterService\CounterService.csproj", "{8131D049-7CF5-40C0-8613-421D79DB0585}"
EndProject
Project("{9A19103F-16F7-4668-BE54-9A1E7A4F7556}") = "KafkaService", "src\Workloads\KafkaService\KafkaService.csproj", "{9BC5A25D-7086-4A73-A04A-63152DE984DD}"
EndProject
Project("{9A19103F-16F7-4668-BE54-9A1E7A4F7556}") = "EchoService", "src\Workloads\EchoService\EchoService.csproj", "{DC515735-F6C3-4B2E-B0FB-D73055C2016E}"
EndProject
Project("{9A19103F-16F7-4668-BE54-9A1E7A4F7556}") = "Maelstrom", "src\Maelstrom\Maelstrom.csproj", "{A10857D8-8770-4F3D-AA08-B919A3F1E1CB}"
EndProject
Project("{9A19103F-16F7-4668-BE54-9A1E7A4F7556}") = "TransactionRwRegisterService", "src\Workloads\TransactionRwRegisterService\TransactionRwRegisterService.csproj", "{EE1092C8-81D4-4EFD-8A21-07F3BB85579F}"
EndProject
Project("{9A19103F-16F7-4668-BE54-9A1E7A4F7556}") = "UniqueIdService", "src\Workloads\UniqueIdService\UniqueIdService.csproj", "{17180E5D-15C5-4492-9D72-1E74EAE67460}"
EndProject
Project("{2150E333-8FDC-42A3-9474-1A3956D46DE8}") = "test", "test", "{1074A9D1-DF85-415C-BA0F-0DE8E4A8BE58}"
EndProject
Project("{FAE04EC0-301F-11D3-BF4B-00C04F79EFBC}") = "Maelstrom.TestSupport", "test\Maelstrom.TestSupport\Maelstrom.TestSupport.csproj", "{35DA8D81-79C7-4E11-AB0A-05EAA8273AF9}"
EndProject
Project("{FAE04EC0-301F-11D3-BF4B-00C04F79EFBC}") = "EchoServiceTests", "test\EchoServiceTests\EchoServiceTests.csproj", "{77CBA90B-579F-4DC1-ACCC-0566BE0E3ED1}"
EndProject
Global
	GlobalSection(SolutionConfigurationPlatforms) = preSolution
		Debug|Any CPU = Debug|Any CPU
		Release|Any CPU = Release|Any CPU
	EndGlobalSection
	GlobalSection(ProjectConfigurationPlatforms) = postSolution
		{5FEDAACB-7DDF-4CBF-8779-24429D853328}.Debug|Any CPU.ActiveCfg = Debug|Any CPU
		{5FEDAACB-7DDF-4CBF-8779-24429D853328}.Debug|Any CPU.Build.0 = Debug|Any CPU
		{5FEDAACB-7DDF-4CBF-8779-24429D853328}.Release|Any CPU.ActiveCfg = Release|Any CPU
		{5FEDAACB-7DDF-4CBF-8779-24429D853328}.Release|Any CPU.Build.0 = Release|Any CPU
		{8131D049-7CF5-40C0-8613-421D79DB0585}.Debug|Any CPU.ActiveCfg = Debug|Any CPU
		{8131D049-7CF5-40C0-8613-421D79DB0585}.Debug|Any CPU.Build.0 = Debug|Any CPU
		{8131D049-7CF5-40C0-8613-421D79DB0585}.Release|Any CPU.ActiveCfg = Release|Any CPU
		{8131D049-7CF5-40C0-8613-421D79DB0585}.Release|Any CPU.Build.0 = Release|Any CPU
		{9BC5A25D-7086-4A73-A04A-63152DE984DD}.Debug|Any CPU.ActiveCfg = Debug|Any CPU
		{9BC5A25D-7086-4A73-A04A-63152DE984DD}.Debug|Any CPU.Build.0 = Debug|Any CPU
		{9BC5A25D-7086-4A73-A04A-63152DE984DD}.Release|Any CPU.ActiveCfg = Release|Any CPU
		{9BC5A25D-7086-4A73-A04A-63152DE984DD}.Release|Any CPU.Build.0 = Release|Any CPU
		{DC515735-F6C3-4B2E-B0FB-D73055C2016E}.Debug|Any CPU.ActiveCfg = Debug|Any CPU
		{DC515735-F6C3-4B2E-B0FB-D73055C2016E}.Debug|Any CPU.Build.0 = Debug|Any CPU
		{DC515735-F6C3-4B2E-B0FB-D73055C2016E}.Release|Any CPU.ActiveCfg = Release|Any CPU
		{DC515735-F6C3-4B2E-B0FB-D73055C2016E}.Release|Any CPU.Build.0 = Release|Any CPU
		{A10857D8-8770-4F3D-AA08-B919A3F1E1CB}.Debug|Any CPU.ActiveCfg = Debug|Any CPU
		{A10857D8-8770-4F3D-AA08-B919A3F1E1CB}.Debug|Any CPU.Build.0 = Debug|Any CPU
		{A10857D8-8770-4F3D-AA08-B919A3F1E1CB}.Release|Any CPU.ActiveCfg = Release|Any CPU
		{A10857D8-8770-4F3D-AA08-B919A3F1E1CB}.Release|Any CPU.Build.0 = Release|Any CPU
		{EE1092C8-81D4-4EFD-8A21-07F3BB85579F}.Debug|Any CPU.ActiveCfg = Debug|Any CPU
		{EE1092C8-81D4-4EFD-8A21-07F3BB85579F}.Debug|Any CPU.Build.0 = Debug|Any CPU
		{EE1092C8-81D4-4EFD-8A21-07F3BB85579F}.Release|Any CPU.ActiveCfg = Release|Any CPU
		{EE1092C8-81D4-4EFD-8A21-07F3BB85579F}.Release|Any CPU.Build.0 = Release|Any CPU
		{17180E5D-15C5-4492-9D72-1E74EAE67460}.Debug|Any CPU.ActiveCfg = Debug|Any CPU
		{17180E5D-15C5-4492-9D72-1E74EAE67460}.Debug|Any CPU.Build.0 = Debug|Any CPU
		{17180E5D-15C5-4492-9D72-1E74EAE67460}.Release|Any CPU.ActiveCfg = Release|Any CPU
		{17180E5D-15C5-4492-9D72-1E74EAE67460}.Release|Any CPU.Build.0 = Release|Any CPU
		{35DA8D81-79C7-4E11-AB0A-05EAA8273AF9}.Debug|Any CPU.ActiveCfg = Debug|Any CPU
		{35DA8D81-79C7-4E11-AB0A-05EAA8273AF9}.Debug|Any CPU.Build.0 = Debug|Any CPU
		{35DA8D81-79C7-4E11-AB0A-05EAA8273AF9}.Release|Any CPU.ActiveCfg = Release|Any CPU
		{35DA8D81-79C7-4E11-AB0A-05EAA8273AF9}.Release|Any CPU.Build.0 = Release|Any CPU
		{77CBA90B-579F-4DC1-ACCC-0566BE0E3ED1}.Debug|Any CPU.ActiveCfg = Debug|Any CPU
		{77CBA90B-579F-4DC1-ACCC-0566BE0E3ED1}.Debug|Any CPU.Build.0 = Debug|Any CPU
		{77CBA90B-579F-4DC1-ACCC-0566BE0E3ED1}.Release|Any CPU.ActiveCfg = Release|Any CPU
		{77CBA90B-579F-4DC1-ACCC-0566BE0E3ED1}.Release|Any CPU.Build.0 = Release|Any CPU
	EndGlobalSection
	GlobalSection(SolutionProperties) = preSolution
		HideSolutionNode = FALSE
	EndGlobalSection
	GlobalSection(NestedProjects) = preSolution
		{CA9E0016-2D81-41E9-985B-6042B8EBA35D} = {C64A5469-F12B-43C2-9D85-CA1B9ADD9B7D}
		{5FEDAACB-7DDF-4CBF-8779-24429D853328} = {CA9E0016-2D81-41E9-985B-6042B8EBA35D}
		{8131D049-7CF5-40C0-8613-421D79DB0585} = {CA9E0016-2D81-41E9-985B-6042B8EBA35D}
		{9BC5A25D-7086-4A73-A04A-63152DE984DD} = {CA9E0016-2D81-41E9-985B-6042B8EBA35D}
		{DC515735-F6C3-4B2E-B0FB-D73055C2016E} = {CA9E0016-2D81-41E9-985B-6042B8EBA35D}
		{A10857D8-8770-4F3D-AA08-B919A3F1E1CB} = {C64A5469-F12B-43C2-9D85-CA1B9ADD9B7D}
		{EE1092C8-81D4-4EFD-8A21-07F3BB85579F} = {CA9E0016-2D81-41E9-985B-6042B8EBA35D}
		{17180E5D-15C5-4492-9D72-1E74EAE67460} = {CA9E0016-2D81-41E9-985B-6042B8EBA35D}
		{35DA8D81-79C7-4E11-AB0A-05EAA8273AF9} = {1074A9D1-DF85-415C-BA0F-0DE8E4A8BE58}
		{77CBA90B-579F-4DC1-ACCC-0566BE0E3ED1} = {1074A9D1-DF85-415C-BA0F-0DE8E4A8BE58}
	EndGlobalSection
	GlobalSection(ExtensibilityGlobals) = postSolution
		SolutionGuid = {A69B1778-8100-4DB8-99D8-C72333C7FBF4}
	EndGlobalSection
EndGlobal
